
Microsoft Visual Studio Solution File, Format Version 12.00
# Visual Studio Version 16
VisualStudioVersion = 16.0.29324.140
MinimumVisualStudioVersion = 10.0.40219.1
Project("{FAE04EC0-301F-11D3-BF4B-00C04F79EFBC}") = "PostWorker", "PostWorker\PostWorker.csproj", "{8494D19A-AED1-41A0-A54B-74D45DD25622}"
EndProject
Global
	GlobalSection(SolutionConfigurationPlatforms) = preSolution
		Debug|Any CPU = Debug|Any CPU
		Release|Any CPU = Release|Any CPU
	EndGlobalSection
	GlobalSection(ProjectConfigurationPlatforms) = postSolution
		{8494D19A-AED1-41A0-A54B-74D45DD25622}.Debug|Any CPU.ActiveCfg = Debug|Any CPU
		{8494D19A-AED1-41A0-A54B-74D45DD25622}.Debug|Any CPU.Build.0 = Debug|Any CPU
		{8494D19A-AED1-41A0-A54B-74D45DD25622}.Release|Any CPU.ActiveCfg = Release|Any CPU
		{8494D19A-AED1-41A0-A54B-74D45DD25622}.Release|Any CPU.Build.0 = Release|Any CPU
	EndGlobalSection
	GlobalSection(SolutionProperties) = preSolution
		HideSolutionNode = FALSE
	EndGlobalSection
	GlobalSection(ExtensibilityGlobals) = postSolution
		SolutionGuid = {22FEA9C2-AA09-40F7-A410-17C140D9658F}
	EndGlobalSection
EndGlobal
